
Microsoft Visual Studio Solution File, Format Version 12.00
# Visual Studio Version 16
VisualStudioVersion = 16.0.31112.23
MinimumVisualStudioVersion = 10.0.40219.1
Project("{FAE04EC0-301F-11D3-BF4B-00C04F79EFBC}") = "program", "program\program.csproj", "{45059605-72D1-4E4E-9E16-7BAEEA3D1369}"
EndProject
Global
	GlobalSection(SolutionConfigurationPlatforms) = preSolution
		Debug|Any CPU = Debug|Any CPU
		Release|Any CPU = Release|Any CPU
	EndGlobalSection
	GlobalSection(ProjectConfigurationPlatforms) = postSolution
		{45059605-72D1-4E4E-9E16-7BAEEA3D1369}.Debug|Any CPU.ActiveCfg = Debug|Any CPU
		{45059605-72D1-4E4E-9E16-7BAEEA3D1369}.Debug|Any CPU.Build.0 = Debug|Any CPU
		{45059605-72D1-4E4E-9E16-7BAEEA3D1369}.Release|Any CPU.ActiveCfg = Release|Any CPU
		{45059605-72D1-4E4E-9E16-7BAEEA3D1369}.Release|Any CPU.Build.0 = Release|Any CPU
	EndGlobalSection
	GlobalSection(SolutionProperties) = preSolution
		HideSolutionNode = FALSE
	EndGlobalSection
	GlobalSection(ExtensibilityGlobals) = postSolution
		SolutionGuid = {DF6B67A1-F609-4C0D-9CBD-3CAB05BE9754}
	EndGlobalSection
EndGlobal
